
Microsoft Visual Studio Solution File, Format Version 12.00
# Visual Studio Version 17
VisualStudioVersion = 17.10.35122.118
MinimumVisualStudioVersion = 10.0.40219.1
Project("{FAE04EC0-301F-11D3-BF4B-00C04F79EFBC}") = "FileIO", "FileIO\FileIO.csproj", "{CE231DE4-55DF-454A-ACFC-F9FB7A682C61}"
EndProject
Global
	GlobalSection(SolutionConfigurationPlatforms) = preSolution
		Debug|Any CPU = Debug|Any CPU
		Release|Any CPU = Release|Any CPU
	EndGlobalSection
	GlobalSection(ProjectConfigurationPlatforms) = postSolution
		{CE231DE4-55DF-454A-ACFC-F9FB7A682C61}.Debug|Any CPU.ActiveCfg = Debug|Any CPU
		{CE231DE4-55DF-454A-ACFC-F9FB7A682C61}.Debug|Any CPU.Build.0 = Debug|Any CPU
		{CE231DE4-55DF-454A-ACFC-F9FB7A682C61}.Release|Any CPU.ActiveCfg = Release|Any CPU
		{CE231DE4-55DF-454A-ACFC-F9FB7A682C61}.Release|Any CPU.Build.0 = Release|Any CPU
	EndGlobalSection
	GlobalSection(SolutionProperties) = preSolution
		HideSolutionNode = FALSE
	EndGlobalSection
	GlobalSection(ExtensibilityGlobals) = postSolution
		SolutionGuid = {C568D103-F2E1-46AB-B471-1280408786AB}
	EndGlobalSection
EndGlobal
